
Microsoft Visual Studio Solution File, Format Version 12.00
# Visual Studio Version 16
VisualStudioVersion = 16.0.32228.343
MinimumVisualStudioVersion = 10.0.40219.1
Project("{FAE04EC0-301F-11D3-BF4B-00C04F79EFBC}") = "Hello-World1", "Hello-World1.csproj", "{F3C5DB5D-5F26-4A3D-A44F-2D8A2F074FAB}"
EndProject
Global
	GlobalSection(SolutionConfigurationPlatforms) = preSolution
		Debug|Any CPU = Debug|Any CPU
		Release|Any CPU = Release|Any CPU
	EndGlobalSection
	GlobalSection(ProjectConfigurationPlatforms) = postSolution
		{F3C5DB5D-5F26-4A3D-A44F-2D8A2F074FAB}.Debug|Any CPU.ActiveCfg = Debug|Any CPU
		{F3C5DB5D-5F26-4A3D-A44F-2D8A2F074FAB}.Debug|Any CPU.Build.0 = Debug|Any CPU
		{F3C5DB5D-5F26-4A3D-A44F-2D8A2F074FAB}.Release|Any CPU.ActiveCfg = Release|Any CPU
		{F3C5DB5D-5F26-4A3D-A44F-2D8A2F074FAB}.Release|Any CPU.Build.0 = Release|Any CPU
	EndGlobalSection
	GlobalSection(SolutionProperties) = preSolution
		HideSolutionNode = FALSE
	EndGlobalSection
	GlobalSection(ExtensibilityGlobals) = postSolution
		SolutionGuid = {6072670E-544E-48DF-B814-EF027C1100E2}
	EndGlobalSection
EndGlobal
